# This file is autogenerated, do not edit; changes may be undone by the next 'dep ensure'.


[[projects]]
  name = "github.com/golang/mock"
  packages = ["gomock"]
  revision = "93f6609a15b7de76bd49259f1f9a6b58df358936"

[[projects]]
  branch = "master"
  name = "github.com/opentracing-contrib/go-stdlib"
  packages = ["nethttp"]
  revision = "07a764486eb10927e8cf38337918a40d430524ee"

[[projects]]
  name = "github.com/opentracing/opentracing-go"
  packages = [
    ".",
    "ext",
    "log",
    "mocktracer"
  ]
  revision = "1949ddbfd147afd4d964a9f00b24eb291e0e7c38"
  version = "v1.0.2"

[[projects]]
  name = "github.com/sebnow/httpclient"
  packages = ["."]
  revision = "5dd5b171497e117fbccbb444b313993ee7a4deca"
  version = "v1.0.0"

[[projects]]
  branch = "master"
  name = "golang.org/x/net"
  packages = ["context"]
  revision = "a680a1efc54dd51c040b3b5ce4939ea3cf2ea0d1"

[solve-meta]
  analyzer-name = "dep"
  analyzer-version = 1
  inputs-digest = "9897444ecce0fee4b6c944dc0ffa2356d464b0bbdc058aaf8deaddc1913471e3"
  solver-name = "gps-cdcl"
  solver-version = 1
