# This file is autogenerated, do not edit; changes may be undone by the next 'dep ensure'.


[[projects]]
  name = "github.com/golang/mock"
  packages = ["gomock"]
  revision = "93f6609a15b7de76bd49259f1f9a6b58df358936"

[[projects]]
  branch = "master"
  name = "github.com/opentracing-contrib/go-stdlib"
  packages = ["nethttp"]
  revision = "48e4d763b2fbcd10e666e6a1742acdf8cc2286ef"

[[projects]]
  name = "github.com/opentracing/opentracing-go"
  packages = [".","ext","log","mocktracer"]
  revision = "1949ddbfd147afd4d964a9f00b24eb291e0e7c38"
  version = "v1.0.2"

[[projects]]
  name = "github.com/sebnow/httpclient"
  packages = ["."]
  revision = "5dd5b171497e117fbccbb444b313993ee7a4deca"
  version = "v1.0.0"

[[projects]]
  branch = "master"
  name = "golang.org/x/net"
  packages = ["context"]
  revision = "5f8847ae0d0e90b6a9dc8148e7ad616874625171"

[solve-meta]
  analyzer-name = "dep"
  analyzer-version = 1
  inputs-digest = "9897444ecce0fee4b6c944dc0ffa2356d464b0bbdc058aaf8deaddc1913471e3"
  solver-name = "gps-cdcl"
  solver-version = 1
